// !$*UTF8*$!
{
	archiveVersion = 1;
	classes = {
	};
	objectVersion = 56;
	objects = {

/* Begin PBXBuildFile section */
		410F17A62A4CCD4900AF965C /* notbsApp.swift in Sources */ = {isa = PBXBuildFile; fileRef = 410F17A52A4CCD4900AF965C /* notbsApp.swift */; };
		410F17A82A4CCD4900AF965C /* ContentView.swift in Sources */ = {isa = PBXBuildFile; fileRef = 410F17A72A4CCD4900AF965C /* ContentView.swift */; };
		410F17AA2A4CCD4A00AF965C /* Assets.xcassets in Resources */ = {isa = PBXBuildFile; fileRef = 410F17A92A4CCD4A00AF965C /* Assets.xcassets */; };
		410F17AD2A4CCD4A00AF965C /* Preview Assets.xcassets in Resources */ = {isa = PBXBuildFile; fileRef = 410F17AC2A4CCD4A00AF965C /* Preview Assets.xcassets */; };
		410F17B72A4CCD4B00AF965C /* notbsTests.swift in Sources */ = {isa = PBXBuildFile; fileRef = 410F17B62A4CCD4B00AF965C /* notbsTests.swift */; };
		410F17C12A4CCD4B00AF965C /* notbsUITests.swift in Sources */ = {isa = PBXBuildFile; fileRef = 410F17C02A4CCD4B00AF965C /* notbsUITests.swift */; };
		410F17C32A4CCD4B00AF965C /* notbsUITestsLaunchTests.swift in Sources */ = {isa = PBXBuildFile; fileRef = 410F17C22A4CCD4B00AF965C /* notbsUITestsLaunchTests.swift */; };
		410F17D02A4CCEB000AF965C /* Launch Screen.storyboard in Resources */ = {isa = PBXBuildFile; fileRef = 410F17CF2A4CCEB000AF965C /* Launch Screen.storyboard */; };
		410F17D62A4CD63F00AF965C /* HomeScreenView.swift in Sources */ = {isa = PBXBuildFile; fileRef = 410F17D52A4CD63F00AF965C /* HomeScreenView.swift */; };
		410F17D82A4CD66300AF965C /* PlusScreenView.swift in Sources */ = {isa = PBXBuildFile; fileRef = 410F17D72A4CD66300AF965C /* PlusScreenView.swift */; };
		410F17DA2A4CD68400AF965C /* HumanScreenView.swift in Sources */ = {isa = PBXBuildFile; fileRef = 410F17D92A4CD68400AF965C /* HumanScreenView.swift */; };
		410F17DC2A4E7CA500AF965C /* LedgerScreenView.swift in Sources */ = {isa = PBXBuildFile; fileRef = 410F17DB2A4E7CA500AF965C /* LedgerScreenView.swift */; };
		411C4D192A8564C4006CA956 /* EventViewModel.swift in Sources */ = {isa = PBXBuildFile; fileRef = 411C4D182A8564C4006CA956 /* EventViewModel.swift */; };
		411C4D1D2A91685C006CA956 /* EventListView.swift in Sources */ = {isa = PBXBuildFile; fileRef = 411C4D1C2A91685C006CA956 /* EventListView.swift */; };
		412585B72A70956A0015470E /* GoogleService-Info.plist in Resources */ = {isa = PBXBuildFile; fileRef = 412585B62A70956A0015470E /* GoogleService-Info.plist */; };
		412585B82A70956A0015470E /* GoogleService-Info.plist in Resources */ = {isa = PBXBuildFile; fileRef = 412585B62A70956A0015470E /* GoogleService-Info.plist */; };
		412585B92A70956A0015470E /* GoogleService-Info.plist in Resources */ = {isa = PBXBuildFile; fileRef = 412585B62A70956A0015470E /* GoogleService-Info.plist */; };
		412585BC2A709C4D0015470E /* FirebaseAnalytics in Frameworks */ = {isa = PBXBuildFile; productRef = 412585BB2A709C4D0015470E /* FirebaseAnalytics */; };
		412585BE2A709C4D0015470E /* FirebaseAnalyticsOnDeviceConversion in Frameworks */ = {isa = PBXBuildFile; productRef = 412585BD2A709C4D0015470E /* FirebaseAnalyticsOnDeviceConversion */; };
		412585C02A709C4D0015470E /* FirebaseAnalyticsSwift in Frameworks */ = {isa = PBXBuildFile; productRef = 412585BF2A709C4D0015470E /* FirebaseAnalyticsSwift */; };
		412585C22A709C4D0015470E /* FirebaseAnalyticsWithoutAdIdSupport in Frameworks */ = {isa = PBXBuildFile; productRef = 412585C12A709C4D0015470E /* FirebaseAnalyticsWithoutAdIdSupport */; };
		412585C42A709C4D0015470E /* FirebaseAppCheck in Frameworks */ = {isa = PBXBuildFile; productRef = 412585C32A709C4D0015470E /* FirebaseAppCheck */; };
		412585C62A709C4D0015470E /* FirebaseAppDistribution-Beta in Frameworks */ = {isa = PBXBuildFile; productRef = 412585C52A709C4D0015470E /* FirebaseAppDistribution-Beta */; };
		412585C82A709C4D0015470E /* FirebaseAuth in Frameworks */ = {isa = PBXBuildFile; productRef = 412585C72A709C4D0015470E /* FirebaseAuth */; };
		412585CA2A709C4D0015470E /* FirebaseAuthCombine-Community in Frameworks */ = {isa = PBXBuildFile; productRef = 412585C92A709C4D0015470E /* FirebaseAuthCombine-Community */; };
		412585CC2A709C4D0015470E /* FirebaseCrashlytics in Frameworks */ = {isa = PBXBuildFile; productRef = 412585CB2A709C4D0015470E /* FirebaseCrashlytics */; };
		412585CE2A709C4D0015470E /* FirebaseDatabase in Frameworks */ = {isa = PBXBuildFile; productRef = 412585CD2A709C4D0015470E /* FirebaseDatabase */; };
		412585D02A709C4D0015470E /* FirebaseDatabaseSwift in Frameworks */ = {isa = PBXBuildFile; productRef = 412585CF2A709C4D0015470E /* FirebaseDatabaseSwift */; };
		412585D22A709C4D0015470E /* FirebaseDynamicLinks in Frameworks */ = {isa = PBXBuildFile; productRef = 412585D12A709C4D0015470E /* FirebaseDynamicLinks */; };
		412585D42A709C4D0015470E /* FirebaseFirestore in Frameworks */ = {isa = PBXBuildFile; productRef = 412585D32A709C4D0015470E /* FirebaseFirestore */; };
		412585D62A709C4D0015470E /* FirebaseFirestoreCombine-Community in Frameworks */ = {isa = PBXBuildFile; productRef = 412585D52A709C4D0015470E /* FirebaseFirestoreCombine-Community */; };
		412585D82A709C4D0015470E /* FirebaseFirestoreSwift in Frameworks */ = {isa = PBXBuildFile; productRef = 412585D72A709C4D0015470E /* FirebaseFirestoreSwift */; };
		412585DA2A709C4D0015470E /* FirebaseFunctions in Frameworks */ = {isa = PBXBuildFile; productRef = 412585D92A709C4D0015470E /* FirebaseFunctions */; };
		412585DC2A709C4D0015470E /* FirebaseFunctionsCombine-Community in Frameworks */ = {isa = PBXBuildFile; productRef = 412585DB2A709C4D0015470E /* FirebaseFunctionsCombine-Community */; };
		412585DE2A709C4D0015470E /* FirebaseInAppMessaging-Beta in Frameworks */ = {isa = PBXBuildFile; productRef = 412585DD2A709C4D0015470E /* FirebaseInAppMessaging-Beta */; };
		412585E02A709C4D0015470E /* FirebaseInAppMessagingSwift-Beta in Frameworks */ = {isa = PBXBuildFile; productRef = 412585DF2A709C4D0015470E /* FirebaseInAppMessagingSwift-Beta */; };
		412585E22A709C4D0015470E /* FirebaseInstallations in Frameworks */ = {isa = PBXBuildFile; productRef = 412585E12A709C4D0015470E /* FirebaseInstallations */; };
		412585E42A709C4D0015470E /* FirebaseMLModelDownloader in Frameworks */ = {isa = PBXBuildFile; productRef = 412585E32A709C4D0015470E /* FirebaseMLModelDownloader */; };
		412585E62A709C4D0015470E /* FirebaseMessaging in Frameworks */ = {isa = PBXBuildFile; productRef = 412585E52A709C4D0015470E /* FirebaseMessaging */; };
		412585E82A709C4D0015470E /* FirebasePerformance in Frameworks */ = {isa = PBXBuildFile; productRef = 412585E72A709C4D0015470E /* FirebasePerformance */; };
		412585EA2A709C4D0015470E /* FirebaseRemoteConfig in Frameworks */ = {isa = PBXBuildFile; productRef = 412585E92A709C4D0015470E /* FirebaseRemoteConfig */; };
		412585EC2A709C4D0015470E /* FirebaseRemoteConfigSwift in Frameworks */ = {isa = PBXBuildFile; productRef = 412585EB2A709C4D0015470E /* FirebaseRemoteConfigSwift */; };
		412585EE2A709C4D0015470E /* FirebaseStorage in Frameworks */ = {isa = PBXBuildFile; productRef = 412585ED2A709C4D0015470E /* FirebaseStorage */; };
		412585F02A709C4D0015470E /* FirebaseStorageCombine-Community in Frameworks */ = {isa = PBXBuildFile; productRef = 412585EF2A709C4D0015470E /* FirebaseStorageCombine-Community */; };
		412EDC7F2A646202006DC907 /* LaunchScreenView.swift in Sources */ = {isa = PBXBuildFile; fileRef = 412EDC7E2A646202006DC907 /* LaunchScreenView.swift */; };
		412EDC812A646231006DC907 /* GraphView.swift in Sources */ = {isa = PBXBuildFile; fileRef = 412EDC802A646231006DC907 /* GraphView.swift */; };
		412EDC832A646267006DC907 /* SettingsView.swift in Sources */ = {isa = PBXBuildFile; fileRef = 412EDC822A646267006DC907 /* SettingsView.swift */; };
		412EDC852A64629E006DC907 /* PersonalLedgerView.swift in Sources */ = {isa = PBXBuildFile; fileRef = 412EDC842A64629E006DC907 /* PersonalLedgerView.swift */; };
		412EDC872A6462B0006DC907 /* MedicalVisitsView.swift in Sources */ = {isa = PBXBuildFile; fileRef = 412EDC862A6462B0006DC907 /* MedicalVisitsView.swift */; };
		412EDC892A6462C8006DC907 /* MedicineCabinetView.swift in Sources */ = {isa = PBXBuildFile; fileRef = 412EDC882A6462C8006DC907 /* MedicineCabinetView.swift */; };
		412EDC8B2A6477A5006DC907 /* ImagePickerView.swift in Sources */ = {isa = PBXBuildFile; fileRef = 412EDC8A2A6477A5006DC907 /* ImagePickerView.swift */; };
		417053D82A98FD73009F4E36 /* ModifiedHumanScreen.swift in Sources */ = {isa = PBXBuildFile; fileRef = 417053D72A98FD73009F4E36 /* ModifiedHumanScreen.swift */; };
		417053DB2A9901D8009F4E36 /* Alamofire in Frameworks */ = {isa = PBXBuildFile; productRef = 417053DA2A9901D8009F4E36 /* Alamofire */; };
		417053DD2A990298009F4E36 /* cosmos-test.swift in Sources */ = {isa = PBXBuildFile; fileRef = 417053DC2A990298009F4E36 /* cosmos-test.swift */; };
		417053DF2A9902A1009F4E36 /* CosmosDBService.swift in Sources */ = {isa = PBXBuildFile; fileRef = 417053DE2A9902A1009F4E36 /* CosmosDBService.swift */; };
		41846DDF2A9261CC002536C0 /* HomeScreenViewModel.swift in Sources */ = {isa = PBXBuildFile; fileRef = 41846DDE2A9261CC002536C0 /* HomeScreenViewModel.swift */; };
		41846DE12A95248C002536C0 /* ContactsView.swift in Sources */ = {isa = PBXBuildFile; fileRef = 41846DE02A95248C002536C0 /* ContactsView.swift */; };
		418C52782AB9F73D0066B22D /* ContactsViewModel.swift in Sources */ = {isa = PBXBuildFile; fileRef = 418C52772AB9F73D0066B22D /* ContactsViewModel.swift */; };
		4193D5D62ABD00A000C4C288 /* TestView.swift in Sources */ = {isa = PBXBuildFile; fileRef = 4193D5D52ABD00A000C4C288 /* TestView.swift */; };
/* End PBXBuildFile section */

/* Begin PBXContainerItemProxy section */
		410F17B32A4CCD4B00AF965C /* PBXContainerItemProxy */ = {
			isa = PBXContainerItemProxy;
			containerPortal = 410F179A2A4CCD4900AF965C /* Project object */;
			proxyType = 1;
			remoteGlobalIDString = 410F17A12A4CCD4900AF965C;
			remoteInfo = notbs;
		};
		410F17BD2A4CCD4B00AF965C /* PBXContainerItemProxy */ = {
			isa = PBXContainerItemProxy;
			containerPortal = 410F179A2A4CCD4900AF965C /* Project object */;
			proxyType = 1;
			remoteGlobalIDString = 410F17A12A4CCD4900AF965C;
			remoteInfo = notbs;
		};
/* End PBXContainerItemProxy section */

/* Begin PBXFileReference section */
		410F17A22A4CCD4900AF965C /* notbs.app */ = {isa = PBXFileReference; explicitFileType = wrapper.application; includeInIndex = 0; path = notbs.app; sourceTree = BUILT_PRODUCTS_DIR; };
		410F17A52A4CCD4900AF965C /* notbsApp.swift */ = {isa = PBXFileReference; lastKnownFileType = sourcecode.swift; path = notbsApp.swift; sourceTree = "<group>"; };
		410F17A72A4CCD4900AF965C /* ContentView.swift */ = {isa = PBXFileReference; lastKnownFileType = sourcecode.swift; path = ContentView.swift; sourceTree = "<group>"; };
		410F17A92A4CCD4A00AF965C /* Assets.xcassets */ = {isa = PBXFileReference; lastKnownFileType = folder.assetcatalog; path = Assets.xcassets; sourceTree = "<group>"; };
		410F17AC2A4CCD4A00AF965C /* Preview Assets.xcassets */ = {isa = PBXFileReference; lastKnownFileType = folder.assetcatalog; path = "Preview Assets.xcassets"; sourceTree = "<group>"; };
		410F17B22A4CCD4B00AF965C /* notbsTests.xctest */ = {isa = PBXFileReference; explicitFileType = wrapper.cfbundle; includeInIndex = 0; path = notbsTests.xctest; sourceTree = BUILT_PRODUCTS_DIR; };
		410F17B62A4CCD4B00AF965C /* notbsTests.swift */ = {isa = PBXFileReference; lastKnownFileType = sourcecode.swift; path = notbsTests.swift; sourceTree = "<group>"; };
		410F17BC2A4CCD4B00AF965C /* notbsUITests.xctest */ = {isa = PBXFileReference; explicitFileType = wrapper.cfbundle; includeInIndex = 0; path = notbsUITests.xctest; sourceTree = BUILT_PRODUCTS_DIR; };
		410F17C02A4CCD4B00AF965C /* notbsUITests.swift */ = {isa = PBXFileReference; lastKnownFileType = sourcecode.swift; path = notbsUITests.swift; sourceTree = "<group>"; };
		410F17C22A4CCD4B00AF965C /* notbsUITestsLaunchTests.swift */ = {isa = PBXFileReference; lastKnownFileType = sourcecode.swift; path = notbsUITestsLaunchTests.swift; sourceTree = "<group>"; };
		410F17CF2A4CCEB000AF965C /* Launch Screen.storyboard */ = {isa = PBXFileReference; lastKnownFileType = file.storyboard; path = "Launch Screen.storyboard"; sourceTree = "<group>"; };
		410F17D52A4CD63F00AF965C /* HomeScreenView.swift */ = {isa = PBXFileReference; lastKnownFileType = sourcecode.swift; path = HomeScreenView.swift; sourceTree = "<group>"; };
		410F17D72A4CD66300AF965C /* PlusScreenView.swift */ = {isa = PBXFileReference; lastKnownFileType = sourcecode.swift; path = PlusScreenView.swift; sourceTree = "<group>"; };
		410F17D92A4CD68400AF965C /* HumanScreenView.swift */ = {isa = PBXFileReference; lastKnownFileType = sourcecode.swift; path = HumanScreenView.swift; sourceTree = "<group>"; };
		410F17DB2A4E7CA500AF965C /* LedgerScreenView.swift */ = {isa = PBXFileReference; lastKnownFileType = sourcecode.swift; path = LedgerScreenView.swift; sourceTree = "<group>"; };
		411C4D182A8564C4006CA956 /* EventViewModel.swift */ = {isa = PBXFileReference; lastKnownFileType = sourcecode.swift; path = EventViewModel.swift; sourceTree = "<group>"; };
		411C4D1C2A91685C006CA956 /* EventListView.swift */ = {isa = PBXFileReference; lastKnownFileType = sourcecode.swift; path = EventListView.swift; sourceTree = "<group>"; };
		412585B62A70956A0015470E /* GoogleService-Info.plist */ = {isa = PBXFileReference; fileEncoding = 4; lastKnownFileType = text.plist.xml; name = "GoogleService-Info.plist"; path = "../../../Downloads/GoogleService-Info.plist"; sourceTree = "<group>"; };
		412EDC7E2A646202006DC907 /* LaunchScreenView.swift */ = {isa = PBXFileReference; lastKnownFileType = sourcecode.swift; path = LaunchScreenView.swift; sourceTree = "<group>"; };
		412EDC802A646231006DC907 /* GraphView.swift */ = {isa = PBXFileReference; lastKnownFileType = sourcecode.swift; path = GraphView.swift; sourceTree = "<group>"; };
		412EDC822A646267006DC907 /* SettingsView.swift */ = {isa = PBXFileReference; lastKnownFileType = sourcecode.swift; path = SettingsView.swift; sourceTree = "<group>"; };
		412EDC842A64629E006DC907 /* PersonalLedgerView.swift */ = {isa = PBXFileReference; lastKnownFileType = sourcecode.swift; path = PersonalLedgerView.swift; sourceTree = "<group>"; };
		412EDC862A6462B0006DC907 /* MedicalVisitsView.swift */ = {isa = PBXFileReference; lastKnownFileType = sourcecode.swift; path = MedicalVisitsView.swift; sourceTree = "<group>"; };
		412EDC882A6462C8006DC907 /* MedicineCabinetView.swift */ = {isa = PBXFileReference; lastKnownFileType = sourcecode.swift; path = MedicineCabinetView.swift; sourceTree = "<group>"; };
		412EDC8A2A6477A5006DC907 /* ImagePickerView.swift */ = {isa = PBXFileReference; lastKnownFileType = sourcecode.swift; path = ImagePickerView.swift; sourceTree = "<group>"; };
		417053D72A98FD73009F4E36 /* ModifiedHumanScreen.swift */ = {isa = PBXFileReference; lastKnownFileType = sourcecode.swift; path = ModifiedHumanScreen.swift; sourceTree = "<group>"; };
		417053DC2A990298009F4E36 /* cosmos-test.swift */ = {isa = PBXFileReference; fileEncoding = 4; lastKnownFileType = sourcecode.swift; path = "cosmos-test.swift"; sourceTree = "<group>"; };
		417053DE2A9902A1009F4E36 /* CosmosDBService.swift */ = {isa = PBXFileReference; fileEncoding = 4; lastKnownFileType = sourcecode.swift; path = CosmosDBService.swift; sourceTree = "<group>"; };
		41846DDE2A9261CC002536C0 /* HomeScreenViewModel.swift */ = {isa = PBXFileReference; lastKnownFileType = sourcecode.swift; path = HomeScreenViewModel.swift; sourceTree = "<group>"; };
		41846DE02A95248C002536C0 /* ContactsView.swift */ = {isa = PBXFileReference; lastKnownFileType = sourcecode.swift; path = ContactsView.swift; sourceTree = "<group>"; };
		418C52772AB9F73D0066B22D /* ContactsViewModel.swift */ = {isa = PBXFileReference; lastKnownFileType = sourcecode.swift; path = ContactsViewModel.swift; sourceTree = "<group>"; };
		4193D5D52ABD00A000C4C288 /* TestView.swift */ = {isa = PBXFileReference; lastKnownFileType = sourcecode.swift; path = TestView.swift; sourceTree = "<group>"; };
/* End PBXFileReference section */

/* Begin PBXFrameworksBuildPhase section */
		410F179F2A4CCD4900AF965C /* Frameworks */ = {
			isa = PBXFrameworksBuildPhase;
			buildActionMask = 2147483647;
			files = (
				412585CE2A709C4D0015470E /* FirebaseDatabase in Frameworks */,
				417053DB2A9901D8009F4E36 /* Alamofire in Frameworks */,
				412585DC2A709C4D0015470E /* FirebaseFunctionsCombine-Community in Frameworks */,
				412585D42A709C4D0015470E /* FirebaseFirestore in Frameworks */,
				412585C02A709C4D0015470E /* FirebaseAnalyticsSwift in Frameworks */,
				412585BC2A709C4D0015470E /* FirebaseAnalytics in Frameworks */,
				412585BE2A709C4D0015470E /* FirebaseAnalyticsOnDeviceConversion in Frameworks */,
				412585E42A709C4D0015470E /* FirebaseMLModelDownloader in Frameworks */,
				412585D82A709C4D0015470E /* FirebaseFirestoreSwift in Frameworks */,
				412585C42A709C4D0015470E /* FirebaseAppCheck in Frameworks */,
				412585C22A709C4D0015470E /* FirebaseAnalyticsWithoutAdIdSupport in Frameworks */,
				412585C82A709C4D0015470E /* FirebaseAuth in Frameworks */,
				412585CC2A709C4D0015470E /* FirebaseCrashlytics in Frameworks */,
				412585EC2A709C4D0015470E /* FirebaseRemoteConfigSwift in Frameworks */,
				412585DE2A709C4D0015470E /* FirebaseInAppMessaging-Beta in Frameworks */,
				412585D02A709C4D0015470E /* FirebaseDatabaseSwift in Frameworks */,
				412585DA2A709C4D0015470E /* FirebaseFunctions in Frameworks */,
				412585F02A709C4D0015470E /* FirebaseStorageCombine-Community in Frameworks */,
				412585EA2A709C4D0015470E /* FirebaseRemoteConfig in Frameworks */,
				412585C62A709C4D0015470E /* FirebaseAppDistribution-Beta in Frameworks */,
				412585CA2A709C4D0015470E /* FirebaseAuthCombine-Community in Frameworks */,
				412585E82A709C4D0015470E /* FirebasePerformance in Frameworks */,
				412585E02A709C4D0015470E /* FirebaseInAppMessagingSwift-Beta in Frameworks */,
				412585EE2A709C4D0015470E /* FirebaseStorage in Frameworks */,
				412585D22A709C4D0015470E /* FirebaseDynamicLinks in Frameworks */,
				412585D62A709C4D0015470E /* FirebaseFirestoreCombine-Community in Frameworks */,
				412585E62A709C4D0015470E /* FirebaseMessaging in Frameworks */,
				412585E22A709C4D0015470E /* FirebaseInstallations in Frameworks */,
			);
			runOnlyForDeploymentPostprocessing = 0;
		};
		410F17AF2A4CCD4B00AF965C /* Frameworks */ = {
			isa = PBXFrameworksBuildPhase;
			buildActionMask = 2147483647;
			files = (
			);
			runOnlyForDeploymentPostprocessing = 0;
		};
		410F17B92A4CCD4B00AF965C /* Frameworks */ = {
			isa = PBXFrameworksBuildPhase;
			buildActionMask = 2147483647;
			files = (
			);
			runOnlyForDeploymentPostprocessing = 0;
		};
/* End PBXFrameworksBuildPhase section */

/* Begin PBXGroup section */
		410F17992A4CCD4900AF965C = {
			isa = PBXGroup;
			children = (
				410F17A42A4CCD4900AF965C /* notbs */,
				410F17B52A4CCD4B00AF965C /* notbsTests */,
				410F17BF2A4CCD4B00AF965C /* notbsUITests */,
				410F17A32A4CCD4900AF965C /* Products */,
			);
			sourceTree = "<group>";
		};
		410F17A32A4CCD4900AF965C /* Products */ = {
			isa = PBXGroup;
			children = (
				410F17A22A4CCD4900AF965C /* notbs.app */,
				410F17B22A4CCD4B00AF965C /* notbsTests.xctest */,
				410F17BC2A4CCD4B00AF965C /* notbsUITests.xctest */,
			);
			name = Products;
			sourceTree = "<group>";
		};
		410F17A42A4CCD4900AF965C /* notbs */ = {
			isa = PBXGroup;
			children = (
				410F17A52A4CCD4900AF965C /* notbsApp.swift */,
				410F17A72A4CCD4900AF965C /* ContentView.swift */,
				410F17A92A4CCD4A00AF965C /* Assets.xcassets */,
				412585B62A70956A0015470E /* GoogleService-Info.plist */,
				410F17AB2A4CCD4A00AF965C /* Preview Content */,
				410F17CF2A4CCEB000AF965C /* Launch Screen.storyboard */,
				41846DE02A95248C002536C0 /* ContactsView.swift */,
				4193D5D52ABD00A000C4C288 /* TestView.swift */,
				418C52772AB9F73D0066B22D /* ContactsViewModel.swift */,
				417053DC2A990298009F4E36 /* cosmos-test.swift */,
				417053DE2A9902A1009F4E36 /* CosmosDBService.swift */,
				410F17D52A4CD63F00AF965C /* HomeScreenView.swift */,
				41846DDE2A9261CC002536C0 /* HomeScreenViewModel.swift */,
				411C4D182A8564C4006CA956 /* EventViewModel.swift */,
				410F17D72A4CD66300AF965C /* PlusScreenView.swift */,
				411C4D1C2A91685C006CA956 /* EventListView.swift */,
				412EDC8A2A6477A5006DC907 /* ImagePickerView.swift */,
				410F17D92A4CD68400AF965C /* HumanScreenView.swift */,
				412EDC882A6462C8006DC907 /* MedicineCabinetView.swift */,
				417053D72A98FD73009F4E36 /* ModifiedHumanScreen.swift */,
				412EDC862A6462B0006DC907 /* MedicalVisitsView.swift */,
				412EDC842A64629E006DC907 /* PersonalLedgerView.swift */,
				412EDC822A646267006DC907 /* SettingsView.swift */,
				410F17DB2A4E7CA500AF965C /* LedgerScreenView.swift */,
				412EDC7E2A646202006DC907 /* LaunchScreenView.swift */,
				412EDC802A646231006DC907 /* GraphView.swift */,
			);
			path = notbs;
			sourceTree = "<group>";
		};
		410F17AB2A4CCD4A00AF965C /* Preview Content */ = {
			isa = PBXGroup;
			children = (
				410F17AC2A4CCD4A00AF965C /* Preview Assets.xcassets */,
			);
			path = "Preview Content";
			sourceTree = "<group>";
		};
		410F17B52A4CCD4B00AF965C /* notbsTests */ = {
			isa = PBXGroup;
			children = (
				410F17B62A4CCD4B00AF965C /* notbsTests.swift */,
			);
			path = notbsTests;
			sourceTree = "<group>";
		};
		410F17BF2A4CCD4B00AF965C /* notbsUITests */ = {
			isa = PBXGroup;
			children = (
				410F17C02A4CCD4B00AF965C /* notbsUITests.swift */,
				410F17C22A4CCD4B00AF965C /* notbsUITestsLaunchTests.swift */,
			);
			path = notbsUITests;
			sourceTree = "<group>";
		};
/* End PBXGroup section */

/* Begin PBXNativeTarget section */
		410F17A12A4CCD4900AF965C /* notbs */ = {
			isa = PBXNativeTarget;
			buildConfigurationList = 410F17C62A4CCD4B00AF965C /* Build configuration list for PBXNativeTarget "notbs" */;
			buildPhases = (
				410F179E2A4CCD4900AF965C /* Sources */,
				410F179F2A4CCD4900AF965C /* Frameworks */,
				410F17A02A4CCD4900AF965C /* Resources */,
			);
			buildRules = (
			);
			dependencies = (
			);
			name = notbs;
			packageProductDependencies = (
				412585BB2A709C4D0015470E /* FirebaseAnalytics */,
				412585BD2A709C4D0015470E /* FirebaseAnalyticsOnDeviceConversion */,
				412585BF2A709C4D0015470E /* FirebaseAnalyticsSwift */,
				412585C12A709C4D0015470E /* FirebaseAnalyticsWithoutAdIdSupport */,
				412585C32A709C4D0015470E /* FirebaseAppCheck */,
				412585C52A709C4D0015470E /* FirebaseAppDistribution-Beta */,
				412585C72A709C4D0015470E /* FirebaseAuth */,
				412585C92A709C4D0015470E /* FirebaseAuthCombine-Community */,
				412585CB2A709C4D0015470E /* FirebaseCrashlytics */,
				412585CD2A709C4D0015470E /* FirebaseDatabase */,
				412585CF2A709C4D0015470E /* FirebaseDatabaseSwift */,
				412585D12A709C4D0015470E /* FirebaseDynamicLinks */,
				412585D32A709C4D0015470E /* FirebaseFirestore */,
				412585D52A709C4D0015470E /* FirebaseFirestoreCombine-Community */,
				412585D72A709C4D0015470E /* FirebaseFirestoreSwift */,
				412585D92A709C4D0015470E /* FirebaseFunctions */,
				412585DB2A709C4D0015470E /* FirebaseFunctionsCombine-Community */,
				412585DD2A709C4D0015470E /* FirebaseInAppMessaging-Beta */,
				412585DF2A709C4D0015470E /* FirebaseInAppMessagingSwift-Beta */,
				412585E12A709C4D0015470E /* FirebaseInstallations */,
				412585E32A709C4D0015470E /* FirebaseMLModelDownloader */,
				412585E52A709C4D0015470E /* FirebaseMessaging */,
				412585E72A709C4D0015470E /* FirebasePerformance */,
				412585E92A709C4D0015470E /* FirebaseRemoteConfig */,
				412585EB2A709C4D0015470E /* FirebaseRemoteConfigSwift */,
				412585ED2A709C4D0015470E /* FirebaseStorage */,
				412585EF2A709C4D0015470E /* FirebaseStorageCombine-Community */,
				417053DA2A9901D8009F4E36 /* Alamofire */,
			);
			productName = notbs;
			productReference = 410F17A22A4CCD4900AF965C /* notbs.app */;
			productType = "com.apple.product-type.application";
		};
		410F17B12A4CCD4B00AF965C /* notbsTests */ = {
			isa = PBXNativeTarget;
			buildConfigurationList = 410F17C92A4CCD4B00AF965C /* Build configuration list for PBXNativeTarget "notbsTests" */;
			buildPhases = (
				410F17AE2A4CCD4B00AF965C /* Sources */,
				410F17AF2A4CCD4B00AF965C /* Frameworks */,
				410F17B02A4CCD4B00AF965C /* Resources */,
			);
			buildRules = (
			);
			dependencies = (
				410F17B42A4CCD4B00AF965C /* PBXTargetDependency */,
			);
			name = notbsTests;
			productName = notbsTests;
			productReference = 410F17B22A4CCD4B00AF965C /* notbsTests.xctest */;
			productType = "com.apple.product-type.bundle.unit-test";
		};
		410F17BB2A4CCD4B00AF965C /* notbsUITests */ = {
			isa = PBXNativeTarget;
			buildConfigurationList = 410F17CC2A4CCD4B00AF965C /* Build configuration list for PBXNativeTarget "notbsUITests" */;
			buildPhases = (
				410F17B82A4CCD4B00AF965C /* Sources */,
				410F17B92A4CCD4B00AF965C /* Frameworks */,
				410F17BA2A4CCD4B00AF965C /* Resources */,
			);
			buildRules = (
			);
			dependencies = (
				410F17BE2A4CCD4B00AF965C /* PBXTargetDependency */,
			);
			name = notbsUITests;
			productName = notbsUITests;
			productReference = 410F17BC2A4CCD4B00AF965C /* notbsUITests.xctest */;
			productType = "com.apple.product-type.bundle.ui-testing";
		};
/* End PBXNativeTarget section */

/* Begin PBXProject section */
		410F179A2A4CCD4900AF965C /* Project object */ = {
			isa = PBXProject;
			attributes = {
				BuildIndependentTargetsInParallel = 1;
				LastSwiftUpdateCheck = 1430;
				LastUpgradeCheck = 1430;
				TargetAttributes = {
					410F17A12A4CCD4900AF965C = {
						CreatedOnToolsVersion = 14.3.1;
					};
					410F17B12A4CCD4B00AF965C = {
						CreatedOnToolsVersion = 14.3.1;
						TestTargetID = 410F17A12A4CCD4900AF965C;
					};
					410F17BB2A4CCD4B00AF965C = {
						CreatedOnToolsVersion = 14.3.1;
						TestTargetID = 410F17A12A4CCD4900AF965C;
					};
				};
			};
			buildConfigurationList = 410F179D2A4CCD4900AF965C /* Build configuration list for PBXProject "notbs" */;
			compatibilityVersion = "Xcode 14.0";
			developmentRegion = en;
			hasScannedForEncodings = 0;
			knownRegions = (
				en,
				Base,
			);
			mainGroup = 410F17992A4CCD4900AF965C;
			packageReferences = (
				412585BA2A709C4D0015470E /* XCRemoteSwiftPackageReference "firebase-ios-sdk" */,
				417053D92A9901D8009F4E36 /* XCRemoteSwiftPackageReference "Alamofire" */,
			);
			productRefGroup = 410F17A32A4CCD4900AF965C /* Products */;
			projectDirPath = "";
			projectRoot = "";
			targets = (
				410F17A12A4CCD4900AF965C /* notbs */,
				410F17B12A4CCD4B00AF965C /* notbsTests */,
				410F17BB2A4CCD4B00AF965C /* notbsUITests */,
			);
		};
/* End PBXProject section */

/* Begin PBXResourcesBuildPhase section */
		410F17A02A4CCD4900AF965C /* Resources */ = {
			isa = PBXResourcesBuildPhase;
			buildActionMask = 2147483647;
			files = (
				410F17D02A4CCEB000AF965C /* Launch Screen.storyboard in Resources */,
				412585B72A70956A0015470E /* GoogleService-Info.plist in Resources */,
				410F17AD2A4CCD4A00AF965C /* Preview Assets.xcassets in Resources */,
				410F17AA2A4CCD4A00AF965C /* Assets.xcassets in Resources */,
			);
			runOnlyForDeploymentPostprocessing = 0;
		};
		410F17B02A4CCD4B00AF965C /* Resources */ = {
			isa = PBXResourcesBuildPhase;
			buildActionMask = 2147483647;
			files = (
				412585B82A70956A0015470E /* GoogleService-Info.plist in Resources */,
			);
			runOnlyForDeploymentPostprocessing = 0;
		};
		410F17BA2A4CCD4B00AF965C /* Resources */ = {
			isa = PBXResourcesBuildPhase;
			buildActionMask = 2147483647;
			files = (
				412585B92A70956A0015470E /* GoogleService-Info.plist in Resources */,
			);
			runOnlyForDeploymentPostprocessing = 0;
		};
/* End PBXResourcesBuildPhase section */

/* Begin PBXSourcesBuildPhase section */
		410F179E2A4CCD4900AF965C /* Sources */ = {
			isa = PBXSourcesBuildPhase;
			buildActionMask = 2147483647;
			files = (
				417053D82A98FD73009F4E36 /* ModifiedHumanScreen.swift in Sources */,
				410F17A82A4CCD4900AF965C /* ContentView.swift in Sources */,
				4193D5D62ABD00A000C4C288 /* TestView.swift in Sources */,
				410F17DA2A4CD68400AF965C /* HumanScreenView.swift in Sources */,
				412EDC7F2A646202006DC907 /* LaunchScreenView.swift in Sources */,
				412EDC832A646267006DC907 /* SettingsView.swift in Sources */,
				412EDC872A6462B0006DC907 /* MedicalVisitsView.swift in Sources */,
				410F17A62A4CCD4900AF965C /* notbsApp.swift in Sources */,
				410F17DC2A4E7CA500AF965C /* LedgerScreenView.swift in Sources */,
				412EDC892A6462C8006DC907 /* MedicineCabinetView.swift in Sources */,
				410F17D82A4CD66300AF965C /* PlusScreenView.swift in Sources */,
				418C52782AB9F73D0066B22D /* ContactsViewModel.swift in Sources */,
				417053DD2A990298009F4E36 /* cosmos-test.swift in Sources */,
				41846DDF2A9261CC002536C0 /* HomeScreenViewModel.swift in Sources */,
				412EDC8B2A6477A5006DC907 /* ImagePickerView.swift in Sources */,
				411C4D1D2A91685C006CA956 /* EventListView.swift in Sources */,
				412EDC852A64629E006DC907 /* PersonalLedgerView.swift in Sources */,
				417053DF2A9902A1009F4E36 /* CosmosDBService.swift in Sources */,
				410F17D62A4CD63F00AF965C /* HomeScreenView.swift in Sources */,
				41846DE12A95248C002536C0 /* ContactsView.swift in Sources */,
				411C4D192A8564C4006CA956 /* EventViewModel.swift in Sources */,
				412EDC812A646231006DC907 /* GraphView.swift in Sources */,
			);
			runOnlyForDeploymentPostprocessing = 0;
		};
		410F17AE2A4CCD4B00AF965C /* Sources */ = {
			isa = PBXSourcesBuildPhase;
			buildActionMask = 2147483647;
			files = (
				410F17B72A4CCD4B00AF965C /* notbsTests.swift in Sources */,
			);
			runOnlyForDeploymentPostprocessing = 0;
		};
		410F17B82A4CCD4B00AF965C /* Sources */ = {
			isa = PBXSourcesBuildPhase;
			buildActionMask = 2147483647;
			files = (
				410F17C12A4CCD4B00AF965C /* notbsUITests.swift in Sources */,
				410F17C32A4CCD4B00AF965C /* notbsUITestsLaunchTests.swift in Sources */,
			);
			runOnlyForDeploymentPostprocessing = 0;
		};
/* End PBXSourcesBuildPhase section */

/* Begin PBXTargetDependency section */
		410F17B42A4CCD4B00AF965C /* PBXTargetDependency */ = {
			isa = PBXTargetDependency;
			target = 410F17A12A4CCD4900AF965C /* notbs */;
			targetProxy = 410F17B32A4CCD4B00AF965C /* PBXContainerItemProxy */;
		};
		410F17BE2A4CCD4B00AF965C /* PBXTargetDependency */ = {
			isa = PBXTargetDependency;
			target = 410F17A12A4CCD4900AF965C /* notbs */;
			targetProxy = 410F17BD2A4CCD4B00AF965C /* PBXContainerItemProxy */;
		};
/* End PBXTargetDependency section */

/* Begin XCBuildConfiguration section */
		410F17C42A4CCD4B00AF965C /* Debug */ = {
			isa = XCBuildConfiguration;
			buildSettings = {
				ALWAYS_SEARCH_USER_PATHS = NO;
				CLANG_ANALYZER_NONNULL = YES;
				CLANG_ANALYZER_NUMBER_OBJECT_CONVERSION = YES_AGGRESSIVE;
				CLANG_CXX_LANGUAGE_STANDARD = "gnu++20";
				CLANG_ENABLE_MODULES = YES;
				CLANG_ENABLE_OBJC_ARC = YES;
				CLANG_ENABLE_OBJC_WEAK = YES;
				CLANG_WARN_BLOCK_CAPTURE_AUTORELEASING = YES;
				CLANG_WARN_BOOL_CONVERSION = YES;
				CLANG_WARN_COMMA = YES;
				CLANG_WARN_CONSTANT_CONVERSION = YES;
				CLANG_WARN_DEPRECATED_OBJC_IMPLEMENTATIONS = YES;
				CLANG_WARN_DIRECT_OBJC_ISA_USAGE = YES_ERROR;
				CLANG_WARN_DOCUMENTATION_COMMENTS = YES;
				CLANG_WARN_EMPTY_BODY = YES;
				CLANG_WARN_ENUM_CONVERSION = YES;
				CLANG_WARN_INFINITE_RECURSION = YES;
				CLANG_WARN_INT_CONVERSION = YES;
				CLANG_WARN_NON_LITERAL_NULL_CONVERSION = YES;
				CLANG_WARN_OBJC_IMPLICIT_RETAIN_SELF = YES;
				CLANG_WARN_OBJC_LITERAL_CONVERSION = YES;
				CLANG_WARN_OBJC_ROOT_CLASS = YES_ERROR;
				CLANG_WARN_QUOTED_INCLUDE_IN_FRAMEWORK_HEADER = YES;
				CLANG_WARN_RANGE_LOOP_ANALYSIS = YES;
				CLANG_WARN_STRICT_PROTOTYPES = YES;
				CLANG_WARN_SUSPICIOUS_MOVE = YES;
				CLANG_WARN_UNGUARDED_AVAILABILITY = YES_AGGRESSIVE;
				CLANG_WARN_UNREACHABLE_CODE = YES;
				CLANG_WARN__DUPLICATE_METHOD_MATCH = YES;
				COPY_PHASE_STRIP = NO;
				DEBUG_INFORMATION_FORMAT = dwarf;
				ENABLE_STRICT_OBJC_MSGSEND = YES;
				ENABLE_TESTABILITY = YES;
				GCC_C_LANGUAGE_STANDARD = gnu11;
				GCC_DYNAMIC_NO_PIC = NO;
				GCC_NO_COMMON_BLOCKS = YES;
				GCC_OPTIMIZATION_LEVEL = 0;
				GCC_PREPROCESSOR_DEFINITIONS = (
					"DEBUG=1",
					"$(inherited)",
				);
				GCC_WARN_64_TO_32_BIT_CONVERSION = YES;
				GCC_WARN_ABOUT_RETURN_TYPE = YES_ERROR;
				GCC_WARN_UNDECLARED_SELECTOR = YES;
				GCC_WARN_UNINITIALIZED_AUTOS = YES_AGGRESSIVE;
				GCC_WARN_UNUSED_FUNCTION = YES;
				GCC_WARN_UNUSED_VARIABLE = YES;
				IPHONEOS_DEPLOYMENT_TARGET = 16.4;
				MTL_ENABLE_DEBUG_INFO = INCLUDE_SOURCE;
				MTL_FAST_MATH = YES;
				ONLY_ACTIVE_ARCH = YES;
				SDKROOT = iphoneos;
				SWIFT_ACTIVE_COMPILATION_CONDITIONS = DEBUG;
				SWIFT_OPTIMIZATION_LEVEL = "-Onone";
			};
			name = Debug;
		};
		410F17C52A4CCD4B00AF965C /* Release */ = {
			isa = XCBuildConfiguration;
			buildSettings = {
				ALWAYS_SEARCH_USER_PATHS = NO;
				CLANG_ANALYZER_NONNULL = YES;
				CLANG_ANALYZER_NUMBER_OBJECT_CONVERSION = YES_AGGRESSIVE;
				CLANG_CXX_LANGUAGE_STANDARD = "gnu++20";
				CLANG_ENABLE_MODULES = YES;
				CLANG_ENABLE_OBJC_ARC = YES;
				CLANG_ENABLE_OBJC_WEAK = YES;
				CLANG_WARN_BLOCK_CAPTURE_AUTORELEASING = YES;
				CLANG_WARN_BOOL_CONVERSION = YES;
				CLANG_WARN_COMMA = YES;
				CLANG_WARN_CONSTANT_CONVERSION = YES;
				CLANG_WARN_DEPRECATED_OBJC_IMPLEMENTATIONS = YES;
				CLANG_WARN_DIRECT_OBJC_ISA_USAGE = YES_ERROR;
				CLANG_WARN_DOCUMENTATION_COMMENTS = YES;
				CLANG_WARN_EMPTY_BODY = YES;
				CLANG_WARN_ENUM_CONVERSION = YES;
				CLANG_WARN_INFINITE_RECURSION = YES;
				CLANG_WARN_INT_CONVERSION = YES;
				CLANG_WARN_NON_LITERAL_NULL_CONVERSION = YES;
				CLANG_WARN_OBJC_IMPLICIT_RETAIN_SELF = YES;
				CLANG_WARN_OBJC_LITERAL_CONVERSION = YES;
				CLANG_WARN_OBJC_ROOT_CLASS = YES_ERROR;
				CLANG_WARN_QUOTED_INCLUDE_IN_FRAMEWORK_HEADER = YES;
				CLANG_WARN_RANGE_LOOP_ANALYSIS = YES;
				CLANG_WARN_STRICT_PROTOTYPES = YES;
				CLANG_WARN_SUSPICIOUS_MOVE = YES;
				CLANG_WARN_UNGUARDED_AVAILABILITY = YES_AGGRESSIVE;
				CLANG_WARN_UNREACHABLE_CODE = YES;
				CLANG_WARN__DUPLICATE_METHOD_MATCH = YES;
				COPY_PHASE_STRIP = NO;
				DEBUG_INFORMATION_FORMAT = "dwarf-with-dsym";
				ENABLE_NS_ASSERTIONS = NO;
				ENABLE_STRICT_OBJC_MSGSEND = YES;
				GCC_C_LANGUAGE_STANDARD = gnu11;
				GCC_NO_COMMON_BLOCKS = YES;
				GCC_WARN_64_TO_32_BIT_CONVERSION = YES;
				GCC_WARN_ABOUT_RETURN_TYPE = YES_ERROR;
				GCC_WARN_UNDECLARED_SELECTOR = YES;
				GCC_WARN_UNINITIALIZED_AUTOS = YES_AGGRESSIVE;
				GCC_WARN_UNUSED_FUNCTION = YES;
				GCC_WARN_UNUSED_VARIABLE = YES;
				IPHONEOS_DEPLOYMENT_TARGET = 16.4;
				MTL_ENABLE_DEBUG_INFO = NO;
				MTL_FAST_MATH = YES;
				SDKROOT = iphoneos;
				SWIFT_COMPILATION_MODE = wholemodule;
				SWIFT_OPTIMIZATION_LEVEL = "-O";
				VALIDATE_PRODUCT = YES;
			};
			name = Release;
		};
		410F17C72A4CCD4B00AF965C /* Debug */ = {
			isa = XCBuildConfiguration;
			buildSettings = {
				ASSETCATALOG_COMPILER_APPICON_NAME = AppIcon;
				ASSETCATALOG_COMPILER_GLOBAL_ACCENT_COLOR_NAME = AccentColor;
				CODE_SIGN_STYLE = Automatic;
				CURRENT_PROJECT_VERSION = 1;
				DEVELOPMENT_ASSET_PATHS = "\"notbs/Preview Content\"";
				DEVELOPMENT_TEAM = 58X498839K;
				ENABLE_PREVIEWS = YES;
				GENERATE_INFOPLIST_FILE = YES;
				INFOPLIST_KEY_CFBundleDisplayName = Thelyx;
				INFOPLIST_KEY_LSApplicationCategoryType = "public.app-category.healthcare-fitness";
				INFOPLIST_KEY_NSContactsUsageDescription = "To allow users to choose which other users from their contacts can have access to their posts";
				INFOPLIST_KEY_UIApplicationSceneManifest_Generation = YES;
				INFOPLIST_KEY_UIApplicationSupportsIndirectInputEvents = YES;
				INFOPLIST_KEY_UILaunchScreen_Generation = YES;
				INFOPLIST_KEY_UISupportedInterfaceOrientations_iPad = "UIInterfaceOrientationPortrait UIInterfaceOrientationPortraitUpsideDown UIInterfaceOrientationLandscapeLeft UIInterfaceOrientationLandscapeRight";
				INFOPLIST_KEY_UISupportedInterfaceOrientations_iPhone = "UIInterfaceOrientationPortrait UIInterfaceOrientationLandscapeLeft UIInterfaceOrientationLandscapeRight";
				LD_RUNPATH_SEARCH_PATHS = (
					"$(inherited)",
					"@executable_path/Frameworks",
				);
				MARKETING_VERSION = 1.0;
				PRODUCT_BUNDLE_IDENTIFIER = UNC.notbs;
				PRODUCT_NAME = "$(TARGET_NAME)";
				SWIFT_EMIT_LOC_STRINGS = YES;
				SWIFT_VERSION = 5.0;
				TARGETED_DEVICE_FAMILY = "1,2";
			};
			name = Debug;
		};
		410F17C82A4CCD4B00AF965C /* Release */ = {
			isa = XCBuildConfiguration;
			buildSettings = {
				ASSETCATALOG_COMPILER_APPICON_NAME = AppIcon;
				ASSETCATALOG_COMPILER_GLOBAL_ACCENT_COLOR_NAME = AccentColor;
				CODE_SIGN_STYLE = Automatic;
				CURRENT_PROJECT_VERSION = 1;
				DEVELOPMENT_ASSET_PATHS = "\"notbs/Preview Content\"";
				DEVELOPMENT_TEAM = 58X498839K;
				ENABLE_PREVIEWS = YES;
				GENERATE_INFOPLIST_FILE = YES;
				INFOPLIST_KEY_CFBundleDisplayName = Thelyx;
				INFOPLIST_KEY_LSApplicationCategoryType = "public.app-category.healthcare-fitness";
				INFOPLIST_KEY_NSContactsUsageDescription = "To allow users to choose which other users from their contacts can have access to their posts";
				INFOPLIST_KEY_UIApplicationSceneManifest_Generation = YES;
				INFOPLIST_KEY_UIApplicationSupportsIndirectInputEvents = YES;
				INFOPLIST_KEY_UILaunchScreen_Generation = YES;
				INFOPLIST_KEY_UISupportedInterfaceOrientations_iPad = "UIInterfaceOrientationPortrait UIInterfaceOrientationPortraitUpsideDown UIInterfaceOrientationLandscapeLeft UIInterfaceOrientationLandscapeRight";
				INFOPLIST_KEY_UISupportedInterfaceOrientations_iPhone = "UIInterfaceOrientationPortrait UIInterfaceOrientationLandscapeLeft UIInterfaceOrientationLandscapeRight";
				LD_RUNPATH_SEARCH_PATHS = (
					"$(inherited)",
					"@executable_path/Frameworks",
				);
				MARKETING_VERSION = 1.0;
				PRODUCT_BUNDLE_IDENTIFIER = UNC.notbs;
				PRODUCT_NAME = "$(TARGET_NAME)";
				SWIFT_EMIT_LOC_STRINGS = YES;
				SWIFT_VERSION = 5.0;
				TARGETED_DEVICE_FAMILY = "1,2";
			};
			name = Release;
		};
		410F17CA2A4CCD4B00AF965C /* Debug */ = {
			isa = XCBuildConfiguration;
			buildSettings = {
				ALWAYS_EMBED_SWIFT_STANDARD_LIBRARIES = YES;
				BUNDLE_LOADER = "$(TEST_HOST)";
				CODE_SIGN_STYLE = Automatic;
				CURRENT_PROJECT_VERSION = 1;
				DEVELOPMENT_TEAM = 58X498839K;
				GENERATE_INFOPLIST_FILE = YES;
				IPHONEOS_DEPLOYMENT_TARGET = 16.4;
				MARKETING_VERSION = 1.0;
				PRODUCT_BUNDLE_IDENTIFIER = UNC.notbsTests;
				PRODUCT_NAME = "$(TARGET_NAME)";
				SWIFT_EMIT_LOC_STRINGS = NO;
				SWIFT_VERSION = 5.0;
				TARGETED_DEVICE_FAMILY = "1,2";
				TEST_HOST = "$(BUILT_PRODUCTS_DIR)/notbs.app/$(BUNDLE_EXECUTABLE_FOLDER_PATH)/notbs";
			};
			name = Debug;
		};
		410F17CB2A4CCD4B00AF965C /* Release */ = {
			isa = XCBuildConfiguration;
			buildSettings = {
				ALWAYS_EMBED_SWIFT_STANDARD_LIBRARIES = YES;
				BUNDLE_LOADER = "$(TEST_HOST)";
				CODE_SIGN_STYLE = Automatic;
				CURRENT_PROJECT_VERSION = 1;
				DEVELOPMENT_TEAM = 58X498839K;
				GENERATE_INFOPLIST_FILE = YES;
				IPHONEOS_DEPLOYMENT_TARGET = 16.4;
				MARKETING_VERSION = 1.0;
				PRODUCT_BUNDLE_IDENTIFIER = UNC.notbsTests;
				PRODUCT_NAME = "$(TARGET_NAME)";
				SWIFT_EMIT_LOC_STRINGS = NO;
				SWIFT_VERSION = 5.0;
				TARGETED_DEVICE_FAMILY = "1,2";
				TEST_HOST = "$(BUILT_PRODUCTS_DIR)/notbs.app/$(BUNDLE_EXECUTABLE_FOLDER_PATH)/notbs";
			};
			name = Release;
		};
		410F17CD2A4CCD4B00AF965C /* Debug */ = {
			isa = XCBuildConfiguration;
			buildSettings = {
				ALWAYS_EMBED_SWIFT_STANDARD_LIBRARIES = YES;
				CODE_SIGN_STYLE = Automatic;
				CURRENT_PROJECT_VERSION = 1;
				DEVELOPMENT_TEAM = 58X498839K;
				GENERATE_INFOPLIST_FILE = YES;
				MARKETING_VERSION = 1.0;
				PRODUCT_BUNDLE_IDENTIFIER = UNC.notbsUITests;
				PRODUCT_NAME = "$(TARGET_NAME)";
				SWIFT_EMIT_LOC_STRINGS = NO;
				SWIFT_VERSION = 5.0;
				TARGETED_DEVICE_FAMILY = "1,2";
				TEST_TARGET_NAME = notbs;
			};
			name = Debug;
		};
		410F17CE2A4CCD4B00AF965C /* Release */ = {
			isa = XCBuildConfiguration;
			buildSettings = {
				ALWAYS_EMBED_SWIFT_STANDARD_LIBRARIES = YES;
				CODE_SIGN_STYLE = Automatic;
				CURRENT_PROJECT_VERSION = 1;
				DEVELOPMENT_TEAM = 58X498839K;
				GENERATE_INFOPLIST_FILE = YES;
				MARKETING_VERSION = 1.0;
				PRODUCT_BUNDLE_IDENTIFIER = UNC.notbsUITests;
				PRODUCT_NAME = "$(TARGET_NAME)";
				SWIFT_EMIT_LOC_STRINGS = NO;
				SWIFT_VERSION = 5.0;
				TARGETED_DEVICE_FAMILY = "1,2";
				TEST_TARGET_NAME = notbs;
			};
			name = Release;
		};
/* End XCBuildConfiguration section */

/* Begin XCConfigurationList section */
		410F179D2A4CCD4900AF965C /* Build configuration list for PBXProject "notbs" */ = {
			isa = XCConfigurationList;
			buildConfigurations = (
				410F17C42A4CCD4B00AF965C /* Debug */,
				410F17C52A4CCD4B00AF965C /* Release */,
			);
			defaultConfigurationIsVisible = 0;
			defaultConfigurationName = Release;
		};
		410F17C62A4CCD4B00AF965C /* Build configuration list for PBXNativeTarget "notbs" */ = {
			isa = XCConfigurationList;
			buildConfigurations = (
				410F17C72A4CCD4B00AF965C /* Debug */,
				410F17C82A4CCD4B00AF965C /* Release */,
			);
			defaultConfigurationIsVisible = 0;
			defaultConfigurationName = Release;
		};
		410F17C92A4CCD4B00AF965C /* Build configuration list for PBXNativeTarget "notbsTests" */ = {
			isa = XCConfigurationList;
			buildConfigurations = (
				410F17CA2A4CCD4B00AF965C /* Debug */,
				410F17CB2A4CCD4B00AF965C /* Release */,
			);
			defaultConfigurationIsVisible = 0;
			defaultConfigurationName = Release;
		};
		410F17CC2A4CCD4B00AF965C /* Build configuration list for PBXNativeTarget "notbsUITests" */ = {
			isa = XCConfigurationList;
			buildConfigurations = (
				410F17CD2A4CCD4B00AF965C /* Debug */,
				410F17CE2A4CCD4B00AF965C /* Release */,
			);
			defaultConfigurationIsVisible = 0;
			defaultConfigurationName = Release;
		};
/* End XCConfigurationList section */

/* Begin XCRemoteSwiftPackageReference section */
		412585BA2A709C4D0015470E /* XCRemoteSwiftPackageReference "firebase-ios-sdk" */ = {
			isa = XCRemoteSwiftPackageReference;
			repositoryURL = "https://github.com/firebase/firebase-ios-sdk";
			requirement = {
				kind = upToNextMajorVersion;
				minimumVersion = 10.0.0;
			};
		};
		417053D92A9901D8009F4E36 /* XCRemoteSwiftPackageReference "Alamofire" */ = {
			isa = XCRemoteSwiftPackageReference;
			repositoryURL = "https://github.com/Alamofire/Alamofire.git";
			requirement = {
				kind = upToNextMajorVersion;
				minimumVersion = 5.0.0;
			};
		};
/* End XCRemoteSwiftPackageReference section */

/* Begin XCSwiftPackageProductDependency section */
		412585BB2A709C4D0015470E /* FirebaseAnalytics */ = {
			isa = XCSwiftPackageProductDependency;
			package = 412585BA2A709C4D0015470E /* XCRemoteSwiftPackageReference "firebase-ios-sdk" */;
			productName = FirebaseAnalytics;
		};
		412585BD2A709C4D0015470E /* FirebaseAnalyticsOnDeviceConversion */ = {
			isa = XCSwiftPackageProductDependency;
			package = 412585BA2A709C4D0015470E /* XCRemoteSwiftPackageReference "firebase-ios-sdk" */;
			productName = FirebaseAnalyticsOnDeviceConversion;
		};
		412585BF2A709C4D0015470E /* FirebaseAnalyticsSwift */ = {
			isa = XCSwiftPackageProductDependency;
			package = 412585BA2A709C4D0015470E /* XCRemoteSwiftPackageReference "firebase-ios-sdk" */;
			productName = FirebaseAnalyticsSwift;
		};
		412585C12A709C4D0015470E /* FirebaseAnalyticsWithoutAdIdSupport */ = {
			isa = XCSwiftPackageProductDependency;
			package = 412585BA2A709C4D0015470E /* XCRemoteSwiftPackageReference "firebase-ios-sdk" */;
			productName = FirebaseAnalyticsWithoutAdIdSupport;
		};
		412585C32A709C4D0015470E /* FirebaseAppCheck */ = {
			isa = XCSwiftPackageProductDependency;
			package = 412585BA2A709C4D0015470E /* XCRemoteSwiftPackageReference "firebase-ios-sdk" */;
			productName = FirebaseAppCheck;
		};
		412585C52A709C4D0015470E /* FirebaseAppDistribution-Beta */ = {
			isa = XCSwiftPackageProductDependency;
			package = 412585BA2A709C4D0015470E /* XCRemoteSwiftPackageReference "firebase-ios-sdk" */;
			productName = "FirebaseAppDistribution-Beta";
		};
		412585C72A709C4D0015470E /* FirebaseAuth */ = {
			isa = XCSwiftPackageProductDependency;
			package = 412585BA2A709C4D0015470E /* XCRemoteSwiftPackageReference "firebase-ios-sdk" */;
			productName = FirebaseAuth;
		};
		412585C92A709C4D0015470E /* FirebaseAuthCombine-Community */ = {
			isa = XCSwiftPackageProductDependency;
			package = 412585BA2A709C4D0015470E /* XCRemoteSwiftPackageReference "firebase-ios-sdk" */;
			productName = "FirebaseAuthCombine-Community";
		};
		412585CB2A709C4D0015470E /* FirebaseCrashlytics */ = {
			isa = XCSwiftPackageProductDependency;
			package = 412585BA2A709C4D0015470E /* XCRemoteSwiftPackageReference "firebase-ios-sdk" */;
			productName = FirebaseCrashlytics;
		};
		412585CD2A709C4D0015470E /* FirebaseDatabase */ = {
			isa = XCSwiftPackageProductDependency;
			package = 412585BA2A709C4D0015470E /* XCRemoteSwiftPackageReference "firebase-ios-sdk" */;
			productName = FirebaseDatabase;
		};
		412585CF2A709C4D0015470E /* FirebaseDatabaseSwift */ = {
			isa = XCSwiftPackageProductDependency;
			package = 412585BA2A709C4D0015470E /* XCRemoteSwiftPackageReference "firebase-ios-sdk" */;
			productName = FirebaseDatabaseSwift;
		};
		412585D12A709C4D0015470E /* FirebaseDynamicLinks */ = {
			isa = XCSwiftPackageProductDependency;
			package = 412585BA2A709C4D0015470E /* XCRemoteSwiftPackageReference "firebase-ios-sdk" */;
			productName = FirebaseDynamicLinks;
		};
		412585D32A709C4D0015470E /* FirebaseFirestore */ = {
			isa = XCSwiftPackageProductDependency;
			package = 412585BA2A709C4D0015470E /* XCRemoteSwiftPackageReference "firebase-ios-sdk" */;
			productName = FirebaseFirestore;
		};
		412585D52A709C4D0015470E /* FirebaseFirestoreCombine-Community */ = {
			isa = XCSwiftPackageProductDependency;
			package = 412585BA2A709C4D0015470E /* XCRemoteSwiftPackageReference "firebase-ios-sdk" */;
			productName = "FirebaseFirestoreCombine-Community";
		};
		412585D72A709C4D0015470E /* FirebaseFirestoreSwift */ = {
			isa = XCSwiftPackageProductDependency;
			package = 412585BA2A709C4D0015470E /* XCRemoteSwiftPackageReference "firebase-ios-sdk" */;
			productName = FirebaseFirestoreSwift;
		};
		412585D92A709C4D0015470E /* FirebaseFunctions */ = {
			isa = XCSwiftPackageProductDependency;
			package = 412585BA2A709C4D0015470E /* XCRemoteSwiftPackageReference "firebase-ios-sdk" */;
			productName = FirebaseFunctions;
		};
		412585DB2A709C4D0015470E /* FirebaseFunctionsCombine-Community */ = {
			isa = XCSwiftPackageProductDependency;
			package = 412585BA2A709C4D0015470E /* XCRemoteSwiftPackageReference "firebase-ios-sdk" */;
			productName = "FirebaseFunctionsCombine-Community";
		};
		412585DD2A709C4D0015470E /* FirebaseInAppMessaging-Beta */ = {
			isa = XCSwiftPackageProductDependency;
			package = 412585BA2A709C4D0015470E /* XCRemoteSwiftPackageReference "firebase-ios-sdk" */;
			productName = "FirebaseInAppMessaging-Beta";
		};
		412585DF2A709C4D0015470E /* FirebaseInAppMessagingSwift-Beta */ = {
			isa = XCSwiftPackageProductDependency;
			package = 412585BA2A709C4D0015470E /* XCRemoteSwiftPackageReference "firebase-ios-sdk" */;
			productName = "FirebaseInAppMessagingSwift-Beta";
		};
		412585E12A709C4D0015470E /* FirebaseInstallations */ = {
			isa = XCSwiftPackageProductDependency;
			package = 412585BA2A709C4D0015470E /* XCRemoteSwiftPackageReference "firebase-ios-sdk" */;
			productName = FirebaseInstallations;
		};
		412585E32A709C4D0015470E /* FirebaseMLModelDownloader */ = {
			isa = XCSwiftPackageProductDependency;
			package = 412585BA2A709C4D0015470E /* XCRemoteSwiftPackageReference "firebase-ios-sdk" */;
			productName = FirebaseMLModelDownloader;
		};
		412585E52A709C4D0015470E /* FirebaseMessaging */ = {
			isa = XCSwiftPackageProductDependency;
			package = 412585BA2A709C4D0015470E /* XCRemoteSwiftPackageReference "firebase-ios-sdk" */;
			productName = FirebaseMessaging;
		};
		412585E72A709C4D0015470E /* FirebasePerformance */ = {
			isa = XCSwiftPackageProductDependency;
			package = 412585BA2A709C4D0015470E /* XCRemoteSwiftPackageReference "firebase-ios-sdk" */;
			productName = FirebasePerformance;
		};
		412585E92A709C4D0015470E /* FirebaseRemoteConfig */ = {
			isa = XCSwiftPackageProductDependency;
			package = 412585BA2A709C4D0015470E /* XCRemoteSwiftPackageReference "firebase-ios-sdk" */;
			productName = FirebaseRemoteConfig;
		};
		412585EB2A709C4D0015470E /* FirebaseRemoteConfigSwift */ = {
			isa = XCSwiftPackageProductDependency;
			package = 412585BA2A709C4D0015470E /* XCRemoteSwiftPackageReference "firebase-ios-sdk" */;
			productName = FirebaseRemoteConfigSwift;
		};
		412585ED2A709C4D0015470E /* FirebaseStorage */ = {
			isa = XCSwiftPackageProductDependency;
			package = 412585BA2A709C4D0015470E /* XCRemoteSwiftPackageReference "firebase-ios-sdk" */;
			productName = FirebaseStorage;
		};
		412585EF2A709C4D0015470E /* FirebaseStorageCombine-Community */ = {
			isa = XCSwiftPackageProductDependency;
			package = 412585BA2A709C4D0015470E /* XCRemoteSwiftPackageReference "firebase-ios-sdk" */;
			productName = "FirebaseStorageCombine-Community";
		};
		417053DA2A9901D8009F4E36 /* Alamofire */ = {
			isa = XCSwiftPackageProductDependency;
			package = 417053D92A9901D8009F4E36 /* XCRemoteSwiftPackageReference "Alamofire" */;
			productName = Alamofire;
		};
/* End XCSwiftPackageProductDependency section */
	};
	rootObject = 410F179A2A4CCD4900AF965C /* Project object */;
}
